
Microsoft Visual Studio Solution File, Format Version 12.00
# Visual Studio Version 17
VisualStudioVersion = 17.8.34408.163
MinimumVisualStudioVersion = 10.0.40219.1
Project("{FAE04EC0-301F-11D3-BF4B-00C04F79EFBC}") = "classAPP", "classAPP\classAPP.csproj", "{8230E2B3-8C33-4D0D-BB51-4BBE9515725F}"
EndProject
Global
	GlobalSection(SolutionConfigurationPlatforms) = preSolution
		Debug|Any CPU = Debug|Any CPU
		Release|Any CPU = Release|Any CPU
	EndGlobalSection
	GlobalSection(ProjectConfigurationPlatforms) = postSolution
		{8230E2B3-8C33-4D0D-BB51-4BBE9515725F}.Debug|Any CPU.ActiveCfg = Debug|Any CPU
		{8230E2B3-8C33-4D0D-BB51-4BBE9515725F}.Debug|Any CPU.Build.0 = Debug|Any CPU
		{8230E2B3-8C33-4D0D-BB51-4BBE9515725F}.Release|Any CPU.ActiveCfg = Release|Any CPU
		{8230E2B3-8C33-4D0D-BB51-4BBE9515725F}.Release|Any CPU.Build.0 = Release|Any CPU
	EndGlobalSection
	GlobalSection(SolutionProperties) = preSolution
		HideSolutionNode = FALSE
	EndGlobalSection
	GlobalSection(ExtensibilityGlobals) = postSolution
		SolutionGuid = {E49CDBFA-67A8-4CB3-8E34-CFE444AED857}
	EndGlobalSection
EndGlobal
